
Microsoft Visual Studio Solution File, Format Version 12.00
# Visual Studio Version 17
VisualStudioVersion = 17.0.31912.275
MinimumVisualStudioVersion = 10.0.40219.1
Project("{FAE04EC0-301F-11D3-BF4B-00C04F79EFBC}") = "КурсоваяКГ", "КурсоваяКГ\КурсоваяКГ.csproj", "{14B2682C-5A1E-4FD8-A41E-1EEF14BE73DD}"
EndProject
Global
	GlobalSection(SolutionConfigurationPlatforms) = preSolution
		Debug|Any CPU = Debug|Any CPU
		Release|Any CPU = Release|Any CPU
	EndGlobalSection
	GlobalSection(ProjectConfigurationPlatforms) = postSolution
		{14B2682C-5A1E-4FD8-A41E-1EEF14BE73DD}.Debug|Any CPU.ActiveCfg = Debug|Any CPU
		{14B2682C-5A1E-4FD8-A41E-1EEF14BE73DD}.Debug|Any CPU.Build.0 = Debug|Any CPU
		{14B2682C-5A1E-4FD8-A41E-1EEF14BE73DD}.Release|Any CPU.ActiveCfg = Release|Any CPU
		{14B2682C-5A1E-4FD8-A41E-1EEF14BE73DD}.Release|Any CPU.Build.0 = Release|Any CPU
	EndGlobalSection
	GlobalSection(SolutionProperties) = preSolution
		HideSolutionNode = FALSE
	EndGlobalSection
	GlobalSection(ExtensibilityGlobals) = postSolution
		SolutionGuid = {3CA0DE3E-1F50-43F7-8F1B-18B21F56C91C}
	EndGlobalSection
EndGlobal
